
Microsoft Visual Studio Solution File, Format Version 12.00
# Visual Studio Version 16
VisualStudioVersion = 16.0.30011.22
MinimumVisualStudioVersion = 10.0.40219.1
Project("{FAE04EC0-301F-11D3-BF4B-00C04F79EFBC}") = "game", "game.csproj", "{408F3508-83E6-4E27-BA76-49CDFBDEF6FE}"
EndProject
Global
	GlobalSection(SolutionConfigurationPlatforms) = preSolution
		Debug|Any CPU = Debug|Any CPU
		Release|Any CPU = Release|Any CPU
	EndGlobalSection
	GlobalSection(ProjectConfigurationPlatforms) = postSolution
		{408F3508-83E6-4E27-BA76-49CDFBDEF6FE}.Debug|Any CPU.ActiveCfg = Debug|Any CPU
		{408F3508-83E6-4E27-BA76-49CDFBDEF6FE}.Debug|Any CPU.Build.0 = Debug|Any CPU
		{408F3508-83E6-4E27-BA76-49CDFBDEF6FE}.Release|Any CPU.ActiveCfg = Release|Any CPU
		{408F3508-83E6-4E27-BA76-49CDFBDEF6FE}.Release|Any CPU.Build.0 = Release|Any CPU
	EndGlobalSection
	GlobalSection(SolutionProperties) = preSolution
		HideSolutionNode = FALSE
	EndGlobalSection
	GlobalSection(ExtensibilityGlobals) = postSolution
		SolutionGuid = {02C090B6-8245-4C9C-8872-587F4CD3F706}
	EndGlobalSection
EndGlobal
